
Microsoft Visual Studio Solution File, Format Version 12.00
# Visual Studio Version 16
VisualStudioVersion = 16.0.30523.141
MinimumVisualStudioVersion = 10.0.40219.1
Project("{9A19103F-16F7-4668-BE54-9A1E7A4F7556}") = "WpfLesson2", "WpfLesson2\WpfLesson2.csproj", "{3671585F-99CD-4B92-9316-B53DDBDB7A88}"
EndProject
Project("{9A19103F-16F7-4668-BE54-9A1E7A4F7556}") = "WpfClasswork2", "WpfClasswork2\WpfClasswork2.csproj", "{032C1181-3EF9-4AEF-A31F-5AA498580202}"
EndProject
Project("{FAE04EC0-301F-11D3-BF4B-00C04F79EFBC}") = "HomeWork", "HomeWork\HomeWork.csproj", "{835283BB-E22A-461C-9206-B6D3526F0D5F}"
EndProject
Global
	GlobalSection(SolutionConfigurationPlatforms) = preSolution
		Debug|Any CPU = Debug|Any CPU
		Release|Any CPU = Release|Any CPU
	EndGlobalSection
	GlobalSection(ProjectConfigurationPlatforms) = postSolution
		{3671585F-99CD-4B92-9316-B53DDBDB7A88}.Debug|Any CPU.ActiveCfg = Debug|Any CPU
		{3671585F-99CD-4B92-9316-B53DDBDB7A88}.Debug|Any CPU.Build.0 = Debug|Any CPU
		{3671585F-99CD-4B92-9316-B53DDBDB7A88}.Release|Any CPU.ActiveCfg = Release|Any CPU
		{3671585F-99CD-4B92-9316-B53DDBDB7A88}.Release|Any CPU.Build.0 = Release|Any CPU
		{032C1181-3EF9-4AEF-A31F-5AA498580202}.Debug|Any CPU.ActiveCfg = Debug|Any CPU
		{032C1181-3EF9-4AEF-A31F-5AA498580202}.Debug|Any CPU.Build.0 = Debug|Any CPU
		{032C1181-3EF9-4AEF-A31F-5AA498580202}.Release|Any CPU.ActiveCfg = Release|Any CPU
		{032C1181-3EF9-4AEF-A31F-5AA498580202}.Release|Any CPU.Build.0 = Release|Any CPU
		{835283BB-E22A-461C-9206-B6D3526F0D5F}.Debug|Any CPU.ActiveCfg = Debug|Any CPU
		{835283BB-E22A-461C-9206-B6D3526F0D5F}.Debug|Any CPU.Build.0 = Debug|Any CPU
		{835283BB-E22A-461C-9206-B6D3526F0D5F}.Release|Any CPU.ActiveCfg = Release|Any CPU
		{835283BB-E22A-461C-9206-B6D3526F0D5F}.Release|Any CPU.Build.0 = Release|Any CPU
	EndGlobalSection
	GlobalSection(SolutionProperties) = preSolution
		HideSolutionNode = FALSE
	EndGlobalSection
	GlobalSection(ExtensibilityGlobals) = postSolution
		SolutionGuid = {FAF80E1A-2E48-4509-9C60-06923C3096FD}
	EndGlobalSection
EndGlobal
